// !$*UTF8*$!
{
	archiveVersion = 1;
	classes = {
	};
	objectVersion = 46;
	objects = {

/* Begin PBXBuildFile section */
		69A07CBAFBFDD3DC7DADC168 /* Pods_taskApp.framework in Frameworks */ = {isa = PBXBuildFile; fileRef = 0726B0501EB1CA6DEA043EB1 /* Pods_taskApp.framework */; };
		AE37394B1D7FA3C600557C89 /* AppDelegate.swift in Sources */ = {isa = PBXBuildFile; fileRef = AE37394A1D7FA3C600557C89 /* AppDelegate.swift */; };
		AE37394D1D7FA3C600557C89 /* ViewController.swift in Sources */ = {isa = PBXBuildFile; fileRef = AE37394C1D7FA3C600557C89 /* ViewController.swift */; };
		AE3739501D7FA3C600557C89 /* Main.storyboard in Resources */ = {isa = PBXBuildFile; fileRef = AE37394E1D7FA3C600557C89 /* Main.storyboard */; };
		AE3739521D7FA3C600557C89 /* Assets.xcassets in Resources */ = {isa = PBXBuildFile; fileRef = AE3739511D7FA3C600557C89 /* Assets.xcassets */; };
		AE3739551D7FA3C600557C89 /* LaunchScreen.storyboard in Resources */ = {isa = PBXBuildFile; fileRef = AE3739531D7FA3C600557C89 /* LaunchScreen.storyboard */; };
		AE37395D1D7FCE3D00557C89 /* InputViewController.swift in Sources */ = {isa = PBXBuildFile; fileRef = AE37395C1D7FCE3D00557C89 /* InputViewController.swift */; };
		AEC5EB791D8415D900C21C1F /* Task.swift in Sources */ = {isa = PBXBuildFile; fileRef = AEC5EB781D8415D900C21C1F /* Task.swift */; };
/* End PBXBuildFile section */

/* Begin PBXFileReference section */
		0726B0501EB1CA6DEA043EB1 /* Pods_taskApp.framework */ = {isa = PBXFileReference; explicitFileType = wrapper.framework; includeInIndex = 0; path = Pods_taskApp.framework; sourceTree = BUILT_PRODUCTS_DIR; };
		0909DD94A2B34F68AF842D0F /* Pods-taskApp.release.xcconfig */ = {isa = PBXFileReference; includeInIndex = 1; lastKnownFileType = text.xcconfig; name = "Pods-taskApp.release.xcconfig"; path = "Pods/Target Support Files/Pods-taskApp/Pods-taskApp.release.xcconfig"; sourceTree = "<group>"; };
		AC7DC02218E0299D43DCBE1A /* Pods-taskApp.debug.xcconfig */ = {isa = PBXFileReference; includeInIndex = 1; lastKnownFileType = text.xcconfig; name = "Pods-taskApp.debug.xcconfig"; path = "Pods/Target Support Files/Pods-taskApp/Pods-taskApp.debug.xcconfig"; sourceTree = "<group>"; };
		AE3739471D7FA3C600557C89 /* taskApp.app */ = {isa = PBXFileReference; explicitFileType = wrapper.application; includeInIndex = 0; path = taskApp.app; sourceTree = BUILT_PRODUCTS_DIR; };
		AE37394A1D7FA3C600557C89 /* AppDelegate.swift */ = {isa = PBXFileReference; lastKnownFileType = sourcecode.swift; path = AppDelegate.swift; sourceTree = "<group>"; };
		AE37394C1D7FA3C600557C89 /* ViewController.swift */ = {isa = PBXFileReference; lastKnownFileType = sourcecode.swift; path = ViewController.swift; sourceTree = "<group>"; };
		AE37394F1D7FA3C600557C89 /* Base */ = {isa = PBXFileReference; lastKnownFileType = file.storyboard; name = Base; path = Base.lproj/Main.storyboard; sourceTree = "<group>"; };
		AE3739511D7FA3C600557C89 /* Assets.xcassets */ = {isa = PBXFileReference; lastKnownFileType = folder.assetcatalog; path = Assets.xcassets; sourceTree = "<group>"; };
		AE3739541D7FA3C600557C89 /* Base */ = {isa = PBXFileReference; lastKnownFileType = file.storyboard; name = Base; path = Base.lproj/LaunchScreen.storyboard; sourceTree = "<group>"; };
		AE3739561D7FA3C600557C89 /* Info.plist */ = {isa = PBXFileReference; lastKnownFileType = text.plist.xml; path = Info.plist; sourceTree = "<group>"; };
		AE37395C1D7FCE3D00557C89 /* InputViewController.swift */ = {isa = PBXFileReference; fileEncoding = 4; lastKnownFileType = sourcecode.swift; path = InputViewController.swift; sourceTree = "<group>"; };
		AEC5EB781D8415D900C21C1F /* Task.swift */ = {isa = PBXFileReference; fileEncoding = 4; lastKnownFileType = sourcecode.swift; path = Task.swift; sourceTree = "<group>"; };
/* End PBXFileReference section */

/* Begin PBXFrameworksBuildPhase section */
		AE3739441D7FA3C600557C89 /* Frameworks */ = {
			isa = PBXFrameworksBuildPhase;
			buildActionMask = 2147483647;
			files = (
				69A07CBAFBFDD3DC7DADC168 /* Pods_taskApp.framework in Frameworks */,
			);
			runOnlyForDeploymentPostprocessing = 0;
		};
/* End PBXFrameworksBuildPhase section */

/* Begin PBXGroup section */
		4114B41BFBD67C02CB26C6BB /* Pods */ = {
			isa = PBXGroup;
			children = (
				AC7DC02218E0299D43DCBE1A /* Pods-taskApp.debug.xcconfig */,
				0909DD94A2B34F68AF842D0F /* Pods-taskApp.release.xcconfig */,
			);
			name = Pods;
			sourceTree = "<group>";
		};
		8F0216E88C89817268582300 /* Frameworks */ = {
			isa = PBXGroup;
			children = (
				0726B0501EB1CA6DEA043EB1 /* Pods_taskApp.framework */,
			);
			name = Frameworks;
			sourceTree = "<group>";
		};
		AE37393E1D7FA3C600557C89 = {
			isa = PBXGroup;
			children = (
				AE3739491D7FA3C600557C89 /* taskApp */,
				AE3739481D7FA3C600557C89 /* Products */,
				4114B41BFBD67C02CB26C6BB /* Pods */,
				8F0216E88C89817268582300 /* Frameworks */,
			);
			sourceTree = "<group>";
		};
		AE3739481D7FA3C600557C89 /* Products */ = {
			isa = PBXGroup;
			children = (
				AE3739471D7FA3C600557C89 /* taskApp.app */,
			);
			name = Products;
			sourceTree = "<group>";
		};
		AE3739491D7FA3C600557C89 /* taskApp */ = {
			isa = PBXGroup;
			children = (
				AE37394A1D7FA3C600557C89 /* AppDelegate.swift */,
				AE37394C1D7FA3C600557C89 /* ViewController.swift */,
				AE37394E1D7FA3C600557C89 /* Main.storyboard */,
				AE37395C1D7FCE3D00557C89 /* InputViewController.swift */,
				AE3739511D7FA3C600557C89 /* Assets.xcassets */,
				AE3739531D7FA3C600557C89 /* LaunchScreen.storyboard */,
				AE3739561D7FA3C600557C89 /* Info.plist */,
				AEC5EB781D8415D900C21C1F /* Task.swift */,
			);
			path = taskApp;
			sourceTree = "<group>";
		};
/* End PBXGroup section */

/* Begin PBXNativeTarget section */
		AE3739461D7FA3C600557C89 /* taskApp */ = {
			isa = PBXNativeTarget;
			buildConfigurationList = AE3739591D7FA3C600557C89 /* Build configuration list for PBXNativeTarget "taskApp" */;
			buildPhases = (
				8342DAD8A89EFDE2789F63E2 /* [CP] Check Pods Manifest.lock */,
				AE3739431D7FA3C600557C89 /* Sources */,
				AE3739441D7FA3C600557C89 /* Frameworks */,
				AE3739451D7FA3C600557C89 /* Resources */,
				94E6912EDF7FC8B37461F193 /* [CP] Embed Pods Frameworks */,
				924F19C44279E577B7076270 /* [CP] Copy Pods Resources */,
			);
			buildRules = (
			);
			dependencies = (
			);
			name = taskApp;
			productName = taskApp;
			productReference = AE3739471D7FA3C600557C89 /* taskApp.app */;
			productType = "com.apple.product-type.application";
		};
/* End PBXNativeTarget section */

/* Begin PBXProject section */
		AE37393F1D7FA3C600557C89 /* Project object */ = {
			isa = PBXProject;
			attributes = {
				LastSwiftUpdateCheck = 0730;
				LastUpgradeCheck = 0830;
				ORGANIZATIONNAME = tooru.satodate;
				TargetAttributes = {
					AE3739461D7FA3C600557C89 = {
						CreatedOnToolsVersion = 7.3.1;
						DevelopmentTeam = 273FXUL5A9;
						LastSwiftMigration = 0830;
					};
				};
			};
			buildConfigurationList = AE3739421D7FA3C600557C89 /* Build configuration list for PBXProject "taskApp" */;
			compatibilityVersion = "Xcode 3.2";
			developmentRegion = English;
			hasScannedForEncodings = 0;
			knownRegions = (
				en,
				Base,
			);
			mainGroup = AE37393E1D7FA3C600557C89;
			productRefGroup = AE3739481D7FA3C600557C89 /* Products */;
			projectDirPath = "";
			projectRoot = "";
			targets = (
				AE3739461D7FA3C600557C89 /* taskApp */,
			);
		};
/* End PBXProject section */

/* Begin PBXResourcesBuildPhase section */
		AE3739451D7FA3C600557C89 /* Resources */ = {
			isa = PBXResourcesBuildPhase;
			buildActionMask = 2147483647;
			files = (
				AE3739551D7FA3C600557C89 /* LaunchScreen.storyboard in Resources */,
				AE3739521D7FA3C600557C89 /* Assets.xcassets in Resources */,
				AE3739501D7FA3C600557C89 /* Main.storyboard in Resources */,
			);
			runOnlyForDeploymentPostprocessing = 0;
		};
/* End PBXResourcesBuildPhase section */

/* Begin PBXShellScriptBuildPhase section */
		8342DAD8A89EFDE2789F63E2 /* [CP] Check Pods Manifest.lock */ = {
			isa = PBXShellScriptBuildPhase;
			buildActionMask = 2147483647;
			files = (
			);
			inputPaths = (
			);
			name = "[CP] Check Pods Manifest.lock";
			outputPaths = (
			);
			runOnlyForDeploymentPostprocessing = 0;
			shellPath = /bin/sh;
			shellScript = "diff \"${PODS_ROOT}/../Podfile.lock\" \"${PODS_ROOT}/Manifest.lock\" > /dev/null\nif [ $? != 0 ] ; then\n    # print error to STDERR\n    echo \"error: The sandbox is not in sync with the Podfile.lock. Run 'pod install' or update your CocoaPods installation.\" >&2\n    exit 1\nfi\n";
			showEnvVarsInLog = 0;
		};
		924F19C44279E577B7076270 /* [CP] Copy Pods Resources */ = {
			isa = PBXShellScriptBuildPhase;
			buildActionMask = 2147483647;
			files = (
			);
			inputPaths = (
			);
			name = "[CP] Copy Pods Resources";
			outputPaths = (
			);
			runOnlyForDeploymentPostprocessing = 0;
			shellPath = /bin/sh;
			shellScript = "\"${SRCROOT}/Pods/Target Support Files/Pods-taskApp/Pods-taskApp-resources.sh\"\n";
			showEnvVarsInLog = 0;
		};
		94E6912EDF7FC8B37461F193 /* [CP] Embed Pods Frameworks */ = {
			isa = PBXShellScriptBuildPhase;
			buildActionMask = 2147483647;
			files = (
			);
			inputPaths = (
			);
			name = "[CP] Embed Pods Frameworks";
			outputPaths = (
			);
			runOnlyForDeploymentPostprocessing = 0;
			shellPath = /bin/sh;
			shellScript = "\"${SRCROOT}/Pods/Target Support Files/Pods-taskApp/Pods-taskApp-frameworks.sh\"\n";
			showEnvVarsInLog = 0;
		};
/* End PBXShellScriptBuildPhase section */

/* Begin PBXSourcesBuildPhase section */
		AE3739431D7FA3C600557C89 /* Sources */ = {
			isa = PBXSourcesBuildPhase;
			buildActionMask = 2147483647;
			files = (
				AEC5EB791D8415D900C21C1F /* Task.swift in Sources */,
				AE37395D1D7FCE3D00557C89 /* InputViewController.swift in Sources */,
				AE37394D1D7FA3C600557C89 /* ViewController.swift in Sources */,
				AE37394B1D7FA3C600557C89 /* AppDelegate.swift in Sources */,
			);
			runOnlyForDeploymentPostprocessing = 0;
		};
/* End PBXSourcesBuildPhase section */

/* Begin PBXVariantGroup section */
		AE37394E1D7FA3C600557C89 /* Main.storyboard */ = {
			isa = PBXVariantGroup;
			children = (
				AE37394F1D7FA3C600557C89 /* Base */,
			);
			name = Main.storyboard;
			sourceTree = "<group>";
		};
		AE3739531D7FA3C600557C89 /* LaunchScreen.storyboard */ = {
			isa = PBXVariantGroup;
			children = (
				AE3739541D7FA3C600557C89 /* Base */,
			);
			name = LaunchScreen.storyboard;
			sourceTree = "<group>";
		};
/* End PBXVariantGroup section */

/* Begin XCBuildConfiguration section */
		AE3739571D7FA3C600557C89 /* Debug */ = {
			isa = XCBuildConfiguration;
			buildSettings = {
				ALWAYS_SEARCH_USER_PATHS = NO;
				CLANG_ANALYZER_NONNULL = YES;
				CLANG_CXX_LANGUAGE_STANDARD = "gnu++0x";
				CLANG_CXX_LIBRARY = "libc++";
				CLANG_ENABLE_MODULES = YES;
				CLANG_ENABLE_OBJC_ARC = YES;
				CLANG_WARN_BOOL_CONVERSION = YES;
				CLANG_WARN_CONSTANT_CONVERSION = YES;
				CLANG_WARN_DIRECT_OBJC_ISA_USAGE = YES_ERROR;
				CLANG_WARN_EMPTY_BODY = YES;
				CLANG_WARN_ENUM_CONVERSION = YES;
				CLANG_WARN_INFINITE_RECURSION = YES;
				CLANG_WARN_INT_CONVERSION = YES;
				CLANG_WARN_OBJC_ROOT_CLASS = YES_ERROR;
				CLANG_WARN_SUSPICIOUS_MOVE = YES;
				CLANG_WARN_UNREACHABLE_CODE = YES;
				CLANG_WARN__DUPLICATE_METHOD_MATCH = YES;
				"CODE_SIGN_IDENTITY[sdk=iphoneos*]" = "iPhone Developer";
				COPY_PHASE_STRIP = NO;
				DEBUG_INFORMATION_FORMAT = dwarf;
				ENABLE_STRICT_OBJC_MSGSEND = YES;
				ENABLE_TESTABILITY = YES;
				GCC_C_LANGUAGE_STANDARD = gnu99;
				GCC_DYNAMIC_NO_PIC = NO;
				GCC_NO_COMMON_BLOCKS = YES;
				GCC_OPTIMIZATION_LEVEL = 0;
				GCC_PREPROCESSOR_DEFINITIONS = (
					"DEBUG=1",
					"$(inherited)",
				);
				GCC_WARN_64_TO_32_BIT_CONVERSION = YES;
				GCC_WARN_ABOUT_RETURN_TYPE = YES_ERROR;
				GCC_WARN_UNDECLARED_SELECTOR = YES;
				GCC_WARN_UNINITIALIZED_AUTOS = YES_AGGRESSIVE;
				GCC_WARN_UNUSED_FUNCTION = YES;
				GCC_WARN_UNUSED_VARIABLE = YES;
				IPHONEOS_DEPLOYMENT_TARGET = 9.3;
				MTL_ENABLE_DEBUG_INFO = YES;
				ONLY_ACTIVE_ARCH = YES;
				SDKROOT = iphoneos;
				SWIFT_OPTIMIZATION_LEVEL = "-Onone";
			};
			name = Debug;
		};
		AE3739581D7FA3C600557C89 /* Release */ = {
			isa = XCBuildConfiguration;
			buildSettings = {
				ALWAYS_SEARCH_USER_PATHS = NO;
				CLANG_ANALYZER_NONNULL = YES;
				CLANG_CXX_LANGUAGE_STANDARD = "gnu++0x";
				CLANG_CXX_LIBRARY = "libc++";
				CLANG_ENABLE_MODULES = YES;
				CLANG_ENABLE_OBJC_ARC = YES;
				CLANG_WARN_BOOL_CONVERSION = YES;
				CLANG_WARN_CONSTANT_CONVERSION = YES;
				CLANG_WARN_DIRECT_OBJC_ISA_USAGE = YES_ERROR;
				CLANG_WARN_EMPTY_BODY = YES;
				CLANG_WARN_ENUM_CONVERSION = YES;
				CLANG_WARN_INFINITE_RECURSION = YES;
				CLANG_WARN_INT_CONVERSION = YES;
				CLANG_WARN_OBJC_ROOT_CLASS = YES_ERROR;
				CLANG_WARN_SUSPICIOUS_MOVE = YES;
				CLANG_WARN_UNREACHABLE_CODE = YES;
				CLANG_WARN__DUPLICATE_METHOD_MATCH = YES;
				"CODE_SIGN_IDENTITY[sdk=iphoneos*]" = "iPhone Developer";
				COPY_PHASE_STRIP = NO;
				DEBUG_INFORMATION_FORMAT = "dwarf-with-dsym";
				ENABLE_NS_ASSERTIONS = NO;
				ENABLE_STRICT_OBJC_MSGSEND = YES;
				GCC_C_LANGUAGE_STANDARD = gnu99;
				GCC_NO_COMMON_BLOCKS = YES;
				GCC_WARN_64_TO_32_BIT_CONVERSION = YES;
				GCC_WARN_ABOUT_RETURN_TYPE = YES_ERROR;
				GCC_WARN_UNDECLARED_SELECTOR = YES;
				GCC_WARN_UNINITIALIZED_AUTOS = YES_AGGRESSIVE;
				GCC_WARN_UNUSED_FUNCTION = YES;
				GCC_WARN_UNUSED_VARIABLE = YES;
				IPHONEOS_DEPLOYMENT_TARGET = 9.3;
				MTL_ENABLE_DEBUG_INFO = NO;
				SDKROOT = iphoneos;
				SWIFT_OPTIMIZATION_LEVEL = "-Owholemodule";
				VALIDATE_PRODUCT = YES;
			};
			name = Release;
		};
		AE37395A1D7FA3C600557C89 /* Debug */ = {
			isa = XCBuildConfiguration;
			baseConfigurationReference = AC7DC02218E0299D43DCBE1A /* Pods-taskApp.debug.xcconfig */;
			buildSettings = {
				ASSETCATALOG_COMPILER_APPICON_NAME = AppIcon;
				CODE_SIGN_IDENTITY = "iPhone Developer";
				"CODE_SIGN_IDENTITY[sdk=iphoneos*]" = "iPhone Developer";
				INFOPLIST_FILE = taskApp/Info.plist;
				LD_RUNPATH_SEARCH_PATHS = "$(inherited) @executable_path/Frameworks";
				PRODUCT_BUNDLE_IDENTIFIER = jp.techacademy.tooru.satodate.taskApp;
				PRODUCT_NAME = "$(TARGET_NAME)";
				PROVISIONING_PROFILE = "";
				SWIFT_VERSION = 3.0;
			};
			name = Debug;
		};
		AE37395B1D7FA3C600557C89 /* Release */ = {
			isa = XCBuildConfiguration;
			baseConfigurationReference = 0909DD94A2B34F68AF842D0F /* Pods-taskApp.release.xcconfig */;
			buildSettings = {
				ASSETCATALOG_COMPILER_APPICON_NAME = AppIcon;
				CODE_SIGN_IDENTITY = "iPhone Developer";
				"CODE_SIGN_IDENTITY[sdk=iphoneos*]" = "iPhone Developer";
				INFOPLIST_FILE = taskApp/Info.plist;
				LD_RUNPATH_SEARCH_PATHS = "$(inherited) @executable_path/Frameworks";
				PRODUCT_BUNDLE_IDENTIFIER = jp.techacademy.tooru.satodate.taskApp;
				PRODUCT_NAME = "$(TARGET_NAME)";
				PROVISIONING_PROFILE = "";
				SWIFT_VERSION = 3.0;
			};
			name = Release;
		};
/* End XCBuildConfiguration section */

/* Begin XCConfigurationList section */
		AE3739421D7FA3C600557C89 /* Build configuration list for PBXProject "taskApp" */ = {
			isa = XCConfigurationList;
			buildConfigurations = (
				AE3739571D7FA3C600557C89 /* Debug */,
				AE3739581D7FA3C600557C89 /* Release */,
			);
			defaultConfigurationIsVisible = 0;
			defaultConfigurationName = Release;
		};
		AE3739591D7FA3C600557C89 /* Build configuration list for PBXNativeTarget "taskApp" */ = {
			isa = XCConfigurationList;
			buildConfigurations = (
				AE37395A1D7FA3C600557C89 /* Debug */,
				AE37395B1D7FA3C600557C89 /* Release */,
			);
			defaultConfigurationIsVisible = 0;
			defaultConfigurationName = Release;
		};
/* End XCConfigurationList section */
	};
	rootObject = AE37393F1D7FA3C600557C89 /* Project object */;
}
